devt.de/krotik/common v1.5.1 h1:UV65XZ1W82elEh9mCCUkJ6HYuXDqZXgS/cIbPtax5+4=
devt.de/krotik/common v1.5.1/go.mod h1:X4nsS85DAxyHkwSg/Tc6+XC2zfmGeaVz+37F61+eSaI=
github.com/01-edu/z01 v0.1.0 h1:Rr1p92CKYXUgVFw872iGDABXpdkuKf2jmS+KV6r1034=
github.com/01-edu/z01 v0.1.0/go.mod h1:BH7t35JaNFuP83rTJDc5nkSfgmC/HYVcJsUcdFqYZNo=
